
Microsoft Visual Studio Solution File, Format Version 12.00
# Visual Studio Version 16
VisualStudioVersion = 25.0.1705.6
MinimumVisualStudioVersion = 10.0.40219.1
Project("{FAE04EC0-301F-11D3-BF4B-00C04F79EFBC}") = "MVCProjectEx.", "MVCProjectEx..csproj", "{7252B438-347F-4606-886A-6EDCED9AFAEA}"
EndProject
Global
	GlobalSection(SolutionConfigurationPlatforms) = preSolution
		Debug|Any CPU = Debug|Any CPU
		Release|Any CPU = Release|Any CPU
	EndGlobalSection
	GlobalSection(ProjectConfigurationPlatforms) = postSolution
		{7252B438-347F-4606-886A-6EDCED9AFAEA}.Debug|Any CPU.ActiveCfg = Debug|Any CPU
		{7252B438-347F-4606-886A-6EDCED9AFAEA}.Debug|Any CPU.Build.0 = Debug|Any CPU
		{7252B438-347F-4606-886A-6EDCED9AFAEA}.Release|Any CPU.ActiveCfg = Release|Any CPU
		{7252B438-347F-4606-886A-6EDCED9AFAEA}.Release|Any CPU.Build.0 = Release|Any CPU
	EndGlobalSection
	GlobalSection(SolutionProperties) = preSolution
		HideSolutionNode = FALSE
	EndGlobalSection
	GlobalSection(ExtensibilityGlobals) = postSolution
		SolutionGuid = {FC4AAF67-F092-4BD8-91BF-2A18E169DE5C}
	EndGlobalSection
EndGlobal
