
Microsoft Visual Studio Solution File, Format Version 12.00
# Visual Studio Version 16
VisualStudioVersion = 25.0.1705.6
MinimumVisualStudioVersion = 10.0.40219.1
Project("{FAE04EC0-301F-11D3-BF4B-00C04F79EFBC}") = "Environment", "Environment.csproj", "{E03DAC4C-CA76-4758-991B-5BD5002ABE20}"
EndProject
Global
	GlobalSection(SolutionConfigurationPlatforms) = preSolution
		Debug|Any CPU = Debug|Any CPU
		Release|Any CPU = Release|Any CPU
	EndGlobalSection
	GlobalSection(ProjectConfigurationPlatforms) = postSolution
		{E03DAC4C-CA76-4758-991B-5BD5002ABE20}.Debug|Any CPU.ActiveCfg = Debug|Any CPU
		{E03DAC4C-CA76-4758-991B-5BD5002ABE20}.Debug|Any CPU.Build.0 = Debug|Any CPU
		{E03DAC4C-CA76-4758-991B-5BD5002ABE20}.Release|Any CPU.ActiveCfg = Release|Any CPU
		{E03DAC4C-CA76-4758-991B-5BD5002ABE20}.Release|Any CPU.Build.0 = Release|Any CPU
	EndGlobalSection
	GlobalSection(SolutionProperties) = preSolution
		HideSolutionNode = FALSE
	EndGlobalSection
	GlobalSection(ExtensibilityGlobals) = postSolution
		SolutionGuid = {5DBEB671-0CD9-4641-A96C-5A7E73859A09}
	EndGlobalSection
EndGlobal
