
Microsoft Visual Studio Solution File, Format Version 12.00
# Visual Studio Version 16
VisualStudioVersion = 25.0.1705.6
MinimumVisualStudioVersion = 10.0.40219.1
Project("{FAE04EC0-301F-11D3-BF4B-00C04F79EFBC}") = "Secret Manager Tools", "Secret Manager Tools.csproj", "{99E70956-03A2-4BD9-B1BA-6068415EC754}"
EndProject
Global
	GlobalSection(SolutionConfigurationPlatforms) = preSolution
		Debug|Any CPU = Debug|Any CPU
		Release|Any CPU = Release|Any CPU
	EndGlobalSection
	GlobalSection(ProjectConfigurationPlatforms) = postSolution
		{99E70956-03A2-4BD9-B1BA-6068415EC754}.Debug|Any CPU.ActiveCfg = Debug|Any CPU
		{99E70956-03A2-4BD9-B1BA-6068415EC754}.Debug|Any CPU.Build.0 = Debug|Any CPU
		{99E70956-03A2-4BD9-B1BA-6068415EC754}.Release|Any CPU.ActiveCfg = Release|Any CPU
		{99E70956-03A2-4BD9-B1BA-6068415EC754}.Release|Any CPU.Build.0 = Release|Any CPU
	EndGlobalSection
	GlobalSection(SolutionProperties) = preSolution
		HideSolutionNode = FALSE
	EndGlobalSection
	GlobalSection(ExtensibilityGlobals) = postSolution
		SolutionGuid = {BA9EA449-459C-4CF4-B39E-D9DD2B1AEAED}
	EndGlobalSection
EndGlobal
